
Microsoft Visual Studio Solution File, Format Version 12.00
# Visual Studio Version 16
VisualStudioVersion = 16.0.31019.35
MinimumVisualStudioVersion = 10.0.40219.1
Project("{8BC9CEB8-8B4A-11D0-8D11-00A0C91BC942}") = "PROJ_0.5", "PROJ_0.5\PROJ_0.5.vcxproj", "{6539A209-5E60-4789-9B8E-5609709A3293}"
EndProject
Global
	GlobalSection(SolutionConfigurationPlatforms) = preSolution
		Debug|x64 = Debug|x64
		Debug|x86 = Debug|x86
		Release|x64 = Release|x64
		Release|x86 = Release|x86
	EndGlobalSection
	GlobalSection(ProjectConfigurationPlatforms) = postSolution
		{6539A209-5E60-4789-9B8E-5609709A3293}.Debug|x64.ActiveCfg = Debug|x64
		{6539A209-5E60-4789-9B8E-5609709A3293}.Debug|x64.Build.0 = Debug|x64
		{6539A209-5E60-4789-9B8E-5609709A3293}.Debug|x86.ActiveCfg = Debug|Win32
		{6539A209-5E60-4789-9B8E-5609709A3293}.Debug|x86.Build.0 = Debug|Win32
		{6539A209-5E60-4789-9B8E-5609709A3293}.Release|x64.ActiveCfg = Release|x64
		{6539A209-5E60-4789-9B8E-5609709A3293}.Release|x64.Build.0 = Release|x64
		{6539A209-5E60-4789-9B8E-5609709A3293}.Release|x86.ActiveCfg = Release|Win32
		{6539A209-5E60-4789-9B8E-5609709A3293}.Release|x86.Build.0 = Release|Win32
	EndGlobalSection
	GlobalSection(SolutionProperties) = preSolution
		HideSolutionNode = FALSE
	EndGlobalSection
	GlobalSection(ExtensibilityGlobals) = postSolution
		SolutionGuid = {01A1A810-0EC9-4316-B1ED-DFDDECEE521B}
	EndGlobalSection
EndGlobal
